
Microsoft Visual Studio Solution File, Format Version 12.00
# Visual Studio Version 16
VisualStudioVersion = 16.0.30517.126
MinimumVisualStudioVersion = 10.0.40219.1
Project("{9A19103F-16F7-4668-BE54-9A1E7A4F7556}") = "Ats.Data", "Ats.Data\Ats.Data.csproj", "{3E6E032B-C1A7-4378-B51B-1CBD72F7A9EC}"
EndProject
Project("{00D1A9C2-B5F0-4AF3-8072-F6C62B433612}") = "Ats.DatabaseSchema", "Ats.DatabaseSchema\Ats.DatabaseSchema.sqlproj", "{A9BEA752-EC17-4289-A8CC-B67A7267C5FC}"
EndProject
Project("{FAE04EC0-301F-11D3-BF4B-00C04F79EFBC}") = "Ats.Model", "Ats.Model\Ats.Model.csproj", "{4FB2F2C5-CF42-4424-90A9-45D92CA6F8B7}"
EndProject
Global
	GlobalSection(SolutionConfigurationPlatforms) = preSolution
		Debug|Any CPU = Debug|Any CPU
		Release|Any CPU = Release|Any CPU
	EndGlobalSection
	GlobalSection(ProjectConfigurationPlatforms) = postSolution
		{3E6E032B-C1A7-4378-B51B-1CBD72F7A9EC}.Debug|Any CPU.ActiveCfg = Debug|Any CPU
		{3E6E032B-C1A7-4378-B51B-1CBD72F7A9EC}.Debug|Any CPU.Build.0 = Debug|Any CPU
		{3E6E032B-C1A7-4378-B51B-1CBD72F7A9EC}.Release|Any CPU.ActiveCfg = Release|Any CPU
		{3E6E032B-C1A7-4378-B51B-1CBD72F7A9EC}.Release|Any CPU.Build.0 = Release|Any CPU
		{A9BEA752-EC17-4289-A8CC-B67A7267C5FC}.Debug|Any CPU.ActiveCfg = Debug|Any CPU
		{A9BEA752-EC17-4289-A8CC-B67A7267C5FC}.Debug|Any CPU.Build.0 = Debug|Any CPU
		{A9BEA752-EC17-4289-A8CC-B67A7267C5FC}.Debug|Any CPU.Deploy.0 = Debug|Any CPU
		{A9BEA752-EC17-4289-A8CC-B67A7267C5FC}.Release|Any CPU.ActiveCfg = Release|Any CPU
		{A9BEA752-EC17-4289-A8CC-B67A7267C5FC}.Release|Any CPU.Build.0 = Release|Any CPU
		{A9BEA752-EC17-4289-A8CC-B67A7267C5FC}.Release|Any CPU.Deploy.0 = Release|Any CPU
		{4FB2F2C5-CF42-4424-90A9-45D92CA6F8B7}.Debug|Any CPU.ActiveCfg = Debug|Any CPU
		{4FB2F2C5-CF42-4424-90A9-45D92CA6F8B7}.Debug|Any CPU.Build.0 = Debug|Any CPU
		{4FB2F2C5-CF42-4424-90A9-45D92CA6F8B7}.Release|Any CPU.ActiveCfg = Release|Any CPU
		{4FB2F2C5-CF42-4424-90A9-45D92CA6F8B7}.Release|Any CPU.Build.0 = Release|Any CPU
	EndGlobalSection
	GlobalSection(SolutionProperties) = preSolution
		HideSolutionNode = FALSE
	EndGlobalSection
	GlobalSection(ExtensibilityGlobals) = postSolution
		SolutionGuid = {45CEE3FD-0636-4822-A9BF-3733C8226626}
	EndGlobalSection
EndGlobal
